
Microsoft Visual Studio Solution File, Format Version 12.00
# Visual Studio 15
VisualStudioVersion = 15.0.27428.2037
MinimumVisualStudioVersion = 10.0.40219.1
Project("{FAE04EC0-301F-11D3-BF4B-00C04F79EFBC}") = "SampleCalculator.Ui", "SampleCalculator.Ui\SampleCalculator.Ui.csproj", "{0732D030-39C7-49DF-AEA9-8E8CBAFFC707}"
EndProject
Project("{FAE04EC0-301F-11D3-BF4B-00C04F79EFBC}") = "SampleCalculator.ViewsModule", "SampleCalculator.ViewsModule\SampleCalculator.ViewsModule.csproj", "{31A1F6AB-548B-403F-8D26-6292AEB94A15}"
EndProject
Project("{FAE04EC0-301F-11D3-BF4B-00C04F79EFBC}") = "SampleCalculator.Core", "SampleCalculator.Core\SampleCalculator.Core.csproj", "{E652796A-1B37-49A6-9C1C-476D707A26D4}"
EndProject
Project("{FAE04EC0-301F-11D3-BF4B-00C04F79EFBC}") = "SampleCalculator.CoreTests", "SampleCalculator.CoreTests\SampleCalculator.CoreTests.csproj", "{AEF0BE5E-C06E-4251-9CFC-2DFE231A3674}"
EndProject
Project("{FAE04EC0-301F-11D3-BF4B-00C04F79EFBC}") = "SampleCalculator.UiTests", "SampleCalculator.UiTests\SampleCalculator.UiTests.csproj", "{15881854-5A96-4354-BD8C-4A04EE3FC35F}"
EndProject
Project("{FAE04EC0-301F-11D3-BF4B-00C04F79EFBC}") = "SampleCalculator.ViewsModuleTests", "SampleCalculator.ViewsModuleTests\SampleCalculator.ViewsModuleTests.csproj", "{CC3BC974-BC8A-48FE-A4DB-2D0678967063}"
EndProject
Global
	GlobalSection(SolutionConfigurationPlatforms) = preSolution
		Debug|Any CPU = Debug|Any CPU
		Release|Any CPU = Release|Any CPU
	EndGlobalSection
	GlobalSection(ProjectConfigurationPlatforms) = postSolution
		{0732D030-39C7-49DF-AEA9-8E8CBAFFC707}.Debug|Any CPU.ActiveCfg = Debug|Any CPU
		{0732D030-39C7-49DF-AEA9-8E8CBAFFC707}.Debug|Any CPU.Build.0 = Debug|Any CPU
		{0732D030-39C7-49DF-AEA9-8E8CBAFFC707}.Release|Any CPU.ActiveCfg = Release|Any CPU
		{0732D030-39C7-49DF-AEA9-8E8CBAFFC707}.Release|Any CPU.Build.0 = Release|Any CPU
		{31A1F6AB-548B-403F-8D26-6292AEB94A15}.Debug|Any CPU.ActiveCfg = Debug|Any CPU
		{31A1F6AB-548B-403F-8D26-6292AEB94A15}.Debug|Any CPU.Build.0 = Debug|Any CPU
		{31A1F6AB-548B-403F-8D26-6292AEB94A15}.Release|Any CPU.ActiveCfg = Release|Any CPU
		{31A1F6AB-548B-403F-8D26-6292AEB94A15}.Release|Any CPU.Build.0 = Release|Any CPU
		{E652796A-1B37-49A6-9C1C-476D707A26D4}.Debug|Any CPU.ActiveCfg = Debug|Any CPU
		{E652796A-1B37-49A6-9C1C-476D707A26D4}.Debug|Any CPU.Build.0 = Debug|Any CPU
		{E652796A-1B37-49A6-9C1C-476D707A26D4}.Release|Any CPU.ActiveCfg = Release|Any CPU
		{E652796A-1B37-49A6-9C1C-476D707A26D4}.Release|Any CPU.Build.0 = Release|Any CPU
		{AEF0BE5E-C06E-4251-9CFC-2DFE231A3674}.Debug|Any CPU.ActiveCfg = Debug|Any CPU
		{AEF0BE5E-C06E-4251-9CFC-2DFE231A3674}.Debug|Any CPU.Build.0 = Debug|Any CPU
		{AEF0BE5E-C06E-4251-9CFC-2DFE231A3674}.Release|Any CPU.ActiveCfg = Release|Any CPU
		{AEF0BE5E-C06E-4251-9CFC-2DFE231A3674}.Release|Any CPU.Build.0 = Release|Any CPU
		{15881854-5A96-4354-BD8C-4A04EE3FC35F}.Debug|Any CPU.ActiveCfg = Debug|Any CPU
		{15881854-5A96-4354-BD8C-4A04EE3FC35F}.Debug|Any CPU.Build.0 = Debug|Any CPU
		{15881854-5A96-4354-BD8C-4A04EE3FC35F}.Release|Any CPU.ActiveCfg = Release|Any CPU
		{15881854-5A96-4354-BD8C-4A04EE3FC35F}.Release|Any CPU.Build.0 = Release|Any CPU
		{CC3BC974-BC8A-48FE-A4DB-2D0678967063}.Debug|Any CPU.ActiveCfg = Debug|Any CPU
		{CC3BC974-BC8A-48FE-A4DB-2D0678967063}.Debug|Any CPU.Build.0 = Debug|Any CPU
		{CC3BC974-BC8A-48FE-A4DB-2D0678967063}.Release|Any CPU.ActiveCfg = Release|Any CPU
		{CC3BC974-BC8A-48FE-A4DB-2D0678967063}.Release|Any CPU.Build.0 = Release|Any CPU
	EndGlobalSection
	GlobalSection(SolutionProperties) = preSolution
		HideSolutionNode = FALSE
	EndGlobalSection
	GlobalSection(ExtensibilityGlobals) = postSolution
		SolutionGuid = {70284569-61D0-4F96-AA45-1EE22D7423E8}
	EndGlobalSection
EndGlobal
